
Microsoft Visual Studio Solution File, Format Version 12.00
# Visual Studio Version 16
VisualStudioVersion = 16.0.29926.136
MinimumVisualStudioVersion = 10.0.40219.1
Project("{FAE04EC0-301F-11D3-BF4B-00C04F79EFBC}") = "Reservation", "Reservation.csproj", "{EED22007-2D19-4E6B-9D3E-E645FE113499}"
EndProject
Project("{2150E333-8FDC-42A3-9474-1A3956D46DE8}") = "Solution Items", "Solution Items", "{E27E01F1-DD24-49E6-A777-B745440C953B}"
	ProjectSection(SolutionItems) = preProject
		..\..\Programming task - meeting room reservation\meeting room data.xml = ..\..\Programming task - meeting room reservation\meeting room data.xml
		..\..\Programming task - meeting room reservation\meeting room task.sql = ..\..\Programming task - meeting room reservation\meeting room task.sql
	EndProjectSection
EndProject
Global
	GlobalSection(SolutionConfigurationPlatforms) = preSolution
		Debug|Any CPU = Debug|Any CPU
		Release|Any CPU = Release|Any CPU
	EndGlobalSection
	GlobalSection(ProjectConfigurationPlatforms) = postSolution
		{EED22007-2D19-4E6B-9D3E-E645FE113499}.Debug|Any CPU.ActiveCfg = Debug|Any CPU
		{EED22007-2D19-4E6B-9D3E-E645FE113499}.Debug|Any CPU.Build.0 = Debug|Any CPU
		{EED22007-2D19-4E6B-9D3E-E645FE113499}.Release|Any CPU.ActiveCfg = Release|Any CPU
		{EED22007-2D19-4E6B-9D3E-E645FE113499}.Release|Any CPU.Build.0 = Release|Any CPU
	EndGlobalSection
	GlobalSection(SolutionProperties) = preSolution
		HideSolutionNode = FALSE
	EndGlobalSection
	GlobalSection(ExtensibilityGlobals) = postSolution
		SolutionGuid = {7B28389B-9401-489B-B727-1ACC5DE065B4}
	EndGlobalSection
EndGlobal
